
Microsoft Visual Studio Solution File, Format Version 12.00
# Visual Studio Version 17
VisualStudioVersion = 17.5.002.0
MinimumVisualStudioVersion = 10.0.40219.1
Project("{9A19103F-16F7-4668-BE54-9A1E7A4F7556}") = "dotnet-cli", "dotnet-cli.csproj", "{EA4153BA-1E3F-40CC-95F6-8A41C08FC046}"
EndProject
Global
	GlobalSection(SolutionConfigurationPlatforms) = preSolution
		Debug|Any CPU = Debug|Any CPU
		Release|Any CPU = Release|Any CPU
	EndGlobalSection
	GlobalSection(ProjectConfigurationPlatforms) = postSolution
		{EA4153BA-1E3F-40CC-95F6-8A41C08FC046}.Debug|Any CPU.ActiveCfg = Debug|Any CPU
		{EA4153BA-1E3F-40CC-95F6-8A41C08FC046}.Debug|Any CPU.Build.0 = Debug|Any CPU
		{EA4153BA-1E3F-40CC-95F6-8A41C08FC046}.Release|Any CPU.ActiveCfg = Release|Any CPU
		{EA4153BA-1E3F-40CC-95F6-8A41C08FC046}.Release|Any CPU.Build.0 = Release|Any CPU
	EndGlobalSection
	GlobalSection(SolutionProperties) = preSolution
		HideSolutionNode = FALSE
	EndGlobalSection
	GlobalSection(ExtensibilityGlobals) = postSolution
		SolutionGuid = {868E3715-6188-4618-AD7C-E30B1A824903}
	EndGlobalSection
EndGlobal
